
Microsoft Visual Studio Solution File, Format Version 12.00
# Visual Studio Version 16
VisualStudioVersion = 16.0.31613.86
MinimumVisualStudioVersion = 10.0.40219.1
Project("{FAE04EC0-301F-11D3-BF4B-00C04F79EFBC}") = "WebFirstApp", "WebFirstApp\WebFirstApp.csproj", "{0D723C99-76CF-4B93-9D90-B8CC68B38EDE}"
EndProject
Global
	GlobalSection(SolutionConfigurationPlatforms) = preSolution
		Debug|Any CPU = Debug|Any CPU
		Release|Any CPU = Release|Any CPU
	EndGlobalSection
	GlobalSection(ProjectConfigurationPlatforms) = postSolution
		{0D723C99-76CF-4B93-9D90-B8CC68B38EDE}.Debug|Any CPU.ActiveCfg = Debug|Any CPU
		{0D723C99-76CF-4B93-9D90-B8CC68B38EDE}.Debug|Any CPU.Build.0 = Debug|Any CPU
		{0D723C99-76CF-4B93-9D90-B8CC68B38EDE}.Release|Any CPU.ActiveCfg = Release|Any CPU
		{0D723C99-76CF-4B93-9D90-B8CC68B38EDE}.Release|Any CPU.Build.0 = Release|Any CPU
	EndGlobalSection
	GlobalSection(SolutionProperties) = preSolution
		HideSolutionNode = FALSE
	EndGlobalSection
	GlobalSection(ExtensibilityGlobals) = postSolution
		SolutionGuid = {8D4D7DFB-2B2B-40DB-AB98-26CFA73D2B96}
	EndGlobalSection
EndGlobal
